
Microsoft Visual Studio Solution File, Format Version 12.00
# Visual Studio Version 16
VisualStudioVersion = 16.0.30204.135
MinimumVisualStudioVersion = 10.0.40219.1
Project("{8BC9CEB8-8B4A-11D0-8D11-00A0C91BC942}") = "Praktikum4_Aufgabe2", "Praktikum4_Aufgabe2\Praktikum4_Aufgabe2.vcxproj", "{D3C948F6-BE77-461F-806D-FE976169834E}"
EndProject
Global
	GlobalSection(SolutionConfigurationPlatforms) = preSolution
		Debug|x64 = Debug|x64
		Debug|x86 = Debug|x86
		Release|x64 = Release|x64
		Release|x86 = Release|x86
	EndGlobalSection
	GlobalSection(ProjectConfigurationPlatforms) = postSolution
		{D3C948F6-BE77-461F-806D-FE976169834E}.Debug|x64.ActiveCfg = Debug|x64
		{D3C948F6-BE77-461F-806D-FE976169834E}.Debug|x64.Build.0 = Debug|x64
		{D3C948F6-BE77-461F-806D-FE976169834E}.Debug|x86.ActiveCfg = Debug|Win32
		{D3C948F6-BE77-461F-806D-FE976169834E}.Debug|x86.Build.0 = Debug|Win32
		{D3C948F6-BE77-461F-806D-FE976169834E}.Release|x64.ActiveCfg = Release|x64
		{D3C948F6-BE77-461F-806D-FE976169834E}.Release|x64.Build.0 = Release|x64
		{D3C948F6-BE77-461F-806D-FE976169834E}.Release|x86.ActiveCfg = Release|Win32
		{D3C948F6-BE77-461F-806D-FE976169834E}.Release|x86.Build.0 = Release|Win32
	EndGlobalSection
	GlobalSection(SolutionProperties) = preSolution
		HideSolutionNode = FALSE
	EndGlobalSection
	GlobalSection(ExtensibilityGlobals) = postSolution
		SolutionGuid = {7E771342-8F47-49B2-8219-52651F23A62F}
	EndGlobalSection
EndGlobal
